
Microsoft Visual Studio Solution File, Format Version 12.00
# Visual Studio Version 16
VisualStudioVersion = 16.0.32228.343
MinimumVisualStudioVersion = 10.0.40219.1
Project("{FAE04EC0-301F-11D3-BF4B-00C04F79EFBC}") = "ToDo", "ToDo\ToDo.csproj", "{B3818151-E5F4-4AB7-BB0F-486C5CA3A201}"
EndProject
Global
	GlobalSection(SolutionConfigurationPlatforms) = preSolution
		Debug|Any CPU = Debug|Any CPU
		Release|Any CPU = Release|Any CPU
	EndGlobalSection
	GlobalSection(ProjectConfigurationPlatforms) = postSolution
		{B3818151-E5F4-4AB7-BB0F-486C5CA3A201}.Debug|Any CPU.ActiveCfg = Debug|Any CPU
		{B3818151-E5F4-4AB7-BB0F-486C5CA3A201}.Debug|Any CPU.Build.0 = Debug|Any CPU
		{B3818151-E5F4-4AB7-BB0F-486C5CA3A201}.Release|Any CPU.ActiveCfg = Release|Any CPU
		{B3818151-E5F4-4AB7-BB0F-486C5CA3A201}.Release|Any CPU.Build.0 = Release|Any CPU
	EndGlobalSection
	GlobalSection(SolutionProperties) = preSolution
		HideSolutionNode = FALSE
	EndGlobalSection
	GlobalSection(ExtensibilityGlobals) = postSolution
		SolutionGuid = {0CD47E17-8E98-41AB-9857-141A4F2A2B85}
	EndGlobalSection
EndGlobal
